<?xml version="1.0" encoding="utf-8"?>
<Project ToolsVersion="4.0" xmlns="http://schemas.microsoft.com/developer/msbuild/2003">
  <ItemGroup>
    <Filter Include="Engine">
      <UniqueIdentifier>{b6c2eca4-9bc9-4715-96ea-244608792646}</UniqueIdentifier>
    </Filter>
    <Filter Include="Default">
      <UniqueIdentifier>{0228911e-6a0f-4548-83a5-38749d51ceb1}</UniqueIdentifier>
    </Filter>
    <Filter Include="Default\리소스 파일">
      <UniqueIdentifier>{67DA6AB6-F800-4c08-8B7A-83BB121AAD01}</UniqueIdentifier>
      <Extensions>rc;ico;cur;bmp;dlg;rc2;rct;bin;rgs;gif;jpg;jpeg;jpe;resx;tiff;tif;png;wav;mfcribbon-ms</Extensions>
    </Filter>
    <Filter Include="Engine\02. Core">
      <UniqueIdentifier>{0a429a83-c812-4c60-8f03-aaada5f3348c}</UniqueIdentifier>
    </Filter>
    <Filter Include="Engine\01. Header">
      <UniqueIdentifier>{820a5146-70fb-42f5-b6a9-155974550e75}</UniqueIdentifier>
    </Filter>
    <Filter Include="Engine\03. Manager">
      <UniqueIdentifier>{561dc4e0-3dff-49d0-8192-f5b1c4a252cd}</UniqueIdentifier>
    </Filter>
    <Filter Include="Engine\03. Manager\KeyMgr">
      <UniqueIdentifier>{34706623-6693-437f-b9de-8a182cc605eb}</UniqueIdentifier>
    </Filter>
    <Filter Include="Engine\04. Object">
      <UniqueIdentifier>{4164ba76-b53f-4177-80df-373ba7c28b7f}</UniqueIdentifier>
    </Filter>
    <Filter Include="Engine\03. Manager\TimeMgr">
      <UniqueIdentifier>{cfb49882-38d2-43f6-b9cb-b134c5733b47}</UniqueIdentifier>
    </Filter>
    <Filter Include="Engine\05. Scene">
      <UniqueIdentifier>{f7a24380-f57e-487b-9de7-ee1177a9bb5f}</UniqueIdentifier>
    </Filter>
    <Filter Include="Engine\03. Manager\SceneMgr">
      <UniqueIdentifier>{43573056-97db-4ecd-9ee1-53333565ff04}</UniqueIdentifier>
    </Filter>
    <Filter Include="Engine\05. Scene\Scene_START">
      <UniqueIdentifier>{f62da7cf-5614-46d2-9911-ea64600e525f}</UniqueIdentifier>
    </Filter>
    <Filter Include="Engine\04. Object\Player">
      <UniqueIdentifier>{e806772a-8568-49d5-a4ef-36b2b64eee23}</UniqueIdentifier>
    </Filter>
    <Filter Include="Engine\04. Object\Rectangle">
      <UniqueIdentifier>{9e792217-d1ba-4f6a-b9f2-1e78ddcd740b}</UniqueIdentifier>
    </Filter>
    <Filter Include="Engine\05. Scene\Scene_Play">
      <UniqueIdentifier>{624dd07f-183c-46d9-b1e4-9d94d6908e13}</UniqueIdentifier>
    </Filter>
    <Filter Include="Engine\06. Resource">
      <UniqueIdentifier>{7030bb12-212a-47f3-ad3b-b2a935b0fecf}</UniqueIdentifier>
    </Filter>
    <Filter Include="Engine\07. Component">
      <UniqueIdentifier>{62c4fce6-efdc-43d5-80fb-c0ba889c7342}</UniqueIdentifier>
    </Filter>
    <Filter Include="Engine\08. Entity">
      <UniqueIdentifier>{a555f643-e7ab-4c05-b30b-0ea2e2798bfb}</UniqueIdentifier>
    </Filter>
    <Filter Include="Engine\06. Resource\Texture">
      <UniqueIdentifier>{7c592451-fc6f-4e4d-9334-e1d583bea76c}</UniqueIdentifier>
    </Filter>
    <Filter Include="Engine\06. Resource\Sound">
      <UniqueIdentifier>{74fd8bb5-b24b-469e-847b-f6b5a67afbe4}</UniqueIdentifier>
    </Filter>
    <Filter Include="Engine\03. Manager\PathMgr">
      <UniqueIdentifier>{ee60676a-32b7-4de9-9214-3f64b014c8b4}</UniqueIdentifier>
    </Filter>
    <Filter Include="Engine\03. Manager\ResMgr">
      <UniqueIdentifier>{46214d6e-7a66-4673-ae9e-21cefb393470}</UniqueIdentifier>
    </Filter>
  </ItemGroup>
  <ItemGroup>
    <ClInclude Include="CCore.h">
      <Filter>Engine\02. Core</Filter>
    </ClInclude>
    <ClInclude Include="targetver.h">
      <Filter>Default</Filter>
    </ClInclude>
    <ClInclude Include="Client.h">
      <Filter>Default</Filter>
    </ClInclude>
    <ClInclude Include="framework.h">
      <Filter>Default</Filter>
    </ClInclude>
    <ClInclude Include="Resource.h">
      <Filter>Default</Filter>
    </ClInclude>
    <ClInclude Include="define.h">
      <Filter>Engine\01. Header</Filter>
    </ClInclude>
    <ClInclude Include="CKeyMgr.h">
      <Filter>Engine\03. Manager\KeyMgr</Filter>
    </ClInclude>
    <ClInclude Include="CObject.h">
      <Filter>Engine\04. Object</Filter>
    </ClInclude>
    <ClInclude Include="struct.h">
      <Filter>Engine\01. Header</Filter>
    </ClInclude>
    <ClInclude Include="CTimeMgr.h">
      <Filter>Engine\03. Manager\TimeMgr</Filter>
    </ClInclude>
    <ClInclude Include="CScene.h">
      <Filter>Engine\05. Scene</Filter>
    </ClInclude>
    <ClInclude Include="CSceneMgr.h">
      <Filter>Engine\03. Manager\SceneMgr</Filter>
    </ClInclude>
    <ClInclude Include="CScene_START.h">
      <Filter>Engine\05. Scene\Scene_START</Filter>
    </ClInclude>
    <ClInclude Include="CPlayer.h">
      <Filter>Engine\04. Object\Player</Filter>
    </ClInclude>
    <ClInclude Include="CRectangle.h">
      <Filter>Engine\04. Object\Rectangle</Filter>
    </ClInclude>
    <ClInclude Include="CEntity.h">
      <Filter>Engine\08. Entity</Filter>
    </ClInclude>
    <ClInclude Include="CBlueRect.h">
      <Filter>Engine\04. Object\Rectangle</Filter>
    </ClInclude>
    <ClInclude Include="CRedRect.h">
      <Filter>Engine\04. Object\Rectangle</Filter>
    </ClInclude>
    <ClInclude Include="CGreenRect.h">
      <Filter>Engine\04. Object\Rectangle</Filter>
    </ClInclude>
    <ClInclude Include="CYellowRect.h">
      <Filter>Engine\04. Object\Rectangle</Filter>
    </ClInclude>
    <ClInclude Include="CPurpleRect.h">
      <Filter>Engine\04. Object\Rectangle</Filter>
    </ClInclude>
    <ClInclude Include="pch.h">
      <Filter>Default</Filter>
    </ClInclude>
    <ClInclude Include="CScene_PLAY.h">
      <Filter>Engine\05. Scene\Scene_Play</Filter>
    </ClInclude>
    <ClInclude Include="CCollider.h">
      <Filter>Engine\07. Component</Filter>
    </ClInclude>
    <ClInclude Include="CRes.h">
      <Filter>Engine\06. Resource</Filter>
    </ClInclude>
    <ClInclude Include="CTexture.h">
      <Filter>Engine\06. Resource\Texture</Filter>
    </ClInclude>
    <ClInclude Include="CSound.h">
      <Filter>Engine\06. Resource\Sound</Filter>
    </ClInclude>
    <ClInclude Include="CPathMgr.h">
      <Filter>Engine\03. Manager\PathMgr</Filter>
    </ClInclude>
    <ClInclude Include="CResMgr.h">
      <Filter>Engine\03. Manager\ResMgr</Filter>
    </ClInclude>
  </ItemGroup>
  <ItemGroup>
    <ResourceCompile Include="Client.rc">
      <Filter>Default\리소스 파일</Filter>
    </ResourceCompile>
  </ItemGroup>
  <ItemGroup>
    <Image Include="small.ico">
      <Filter>Default\리소스 파일</Filter>
    </Image>
    <Image Include="Client.ico">
      <Filter>Default\리소스 파일</Filter>
    </Image>
  </ItemGroup>
  <ItemGroup>
    <ClCompile Include="CCore.cpp">
      <Filter>Engine\02. Core</Filter>
    </ClCompile>
    <ClCompile Include="CKeyMgr.cpp">
      <Filter>Engine\03. Manager\KeyMgr</Filter>
    </ClCompile>
    <ClCompile Include="CObject.cpp">
      <Filter>Engine\04. Object</Filter>
    </ClCompile>
    <ClCompile Include="CTimeMgr.cpp">
      <Filter>Engine\03. Manager\TimeMgr</Filter>
    </ClCompile>
    <ClCompile Include="CScene.cpp">
      <Filter>Engine\05. Scene</Filter>
    </ClCompile>
    <ClCompile Include="CSceneMgr.cpp">
      <Filter>Engine\03. Manager\SceneMgr</Filter>
    </ClCompile>
    <ClCompile Include="CScene_START.cpp">
      <Filter>Engine\05. Scene\Scene_START</Filter>
    </ClCompile>
    <ClCompile Include="CPlayer.cpp">
      <Filter>Engine\04. Object\Player</Filter>
    </ClCompile>
    <ClCompile Include="CRectangle.cpp">
      <Filter>Engine\04. Object\Rectangle</Filter>
    </ClCompile>
    <ClCompile Include="CEntity.cpp">
      <Filter>Engine\08. Entity</Filter>
    </ClCompile>
    <ClCompile Include="CBlueRect.cpp">
      <Filter>Engine\04. Object\Rectangle</Filter>
    </ClCompile>
    <ClCompile Include="struct.cpp">
      <Filter>Engine\01. Header</Filter>
    </ClCompile>
    <ClCompile Include="CRedRect.cpp">
      <Filter>Engine\04. Object\Rectangle</Filter>
    </ClCompile>
    <ClCompile Include="CGreenRect.cpp">
      <Filter>Engine\04. Object\Rectangle</Filter>
    </ClCompile>
    <ClCompile Include="CPurpleRect.cpp">
      <Filter>Engine\04. Object\Rectangle</Filter>
    </ClCompile>
    <ClCompile Include="CYellowRect.cpp">
      <Filter>Engine\04. Object\Rectangle</Filter>
    </ClCompile>
    <ClCompile Include="main.cpp">
      <Filter>Default</Filter>
    </ClCompile>
    <ClCompile Include="CScene_PLAY.cpp">
      <Filter>Engine\05. Scene\Scene_Play</Filter>
    </ClCompile>
    <ClCompile Include="CCollider.cpp">
      <Filter>Engine\07. Component</Filter>
    </ClCompile>
    <ClCompile Include="CRes.cpp">
      <Filter>Engine\06. Resource</Filter>
    </ClCompile>
    <ClCompile Include="CTexture.cpp">
      <Filter>Engine\06. Resource\Texture</Filter>
    </ClCompile>
    <ClCompile Include="CSound.cpp">
      <Filter>Engine\06. Resource\Sound</Filter>
    </ClCompile>
    <ClCompile Include="CPathMgr.cpp">
      <Filter>Engine\03. Manager\PathMgr</Filter>
    </ClCompile>
    <ClCompile Include="CResMgr.cpp">
      <Filter>Engine\03. Manager\ResMgr</Filter>
    </ClCompile>
  </ItemGroup>
</Project>